<?xml version="1.0" encoding="utf-8"?>
<Project ToolsVersion="4.0" xmlns="http://schemas.microsoft.com/developer/msbuild/2003">
  <ItemGroup>
    <ClCompile Include="$(MSBuildThisFileDirectory)Component.cpp" />
    <ClCompile Include="$(MSBuildThisFileDirectory)Input.cpp" />
    <ClCompile Include="$(MSBuildThisFileDirectory)Layer.cpp" />
    <ClCompile Include="$(MSBuildThisFileDirectory)myAnimation.cpp" />
    <ClCompile Include="$(MSBuildThisFileDirectory)myAnimator.cpp" />
    <ClCompile Include="$(MSBuildThisFileDirectory)myApplication.cpp" />
    <ClCompile Include="$(MSBuildThisFileDirectory)myAssert.cpp" />
    <ClCompile Include="$(MSBuildThisFileDirectory)myBoxCollider2D.cpp" />
    <ClCompile Include="$(MSBuildThisFileDirectory)myCamera.cpp" />
    <ClCompile Include="$(MSBuildThisFileDirectory)myCircleCollider2D.cpp" />
    <ClCompile Include="$(MSBuildThisFileDirectory)myCollider2D.cpp" />
    <ClCompile Include="$(MSBuildThisFileDirectory)myDelegate.cpp" />
    <ClCompile Include="$(MSBuildThisFileDirectory)myEntity.cpp" />
    <ClCompile Include="$(MSBuildThisFileDirectory)myGameObject.cpp" />
    <ClCompile Include="$(MSBuildThisFileDirectory)myMath.cpp" />
    <ClCompile Include="$(MSBuildThisFileDirectory)myRenderer.cpp" />
    <ClCompile Include="$(MSBuildThisFileDirectory)myResource.cpp" />
    <ClCompile Include="$(MSBuildThisFileDirectory)myResources.cpp" />
    <ClCompile Include="$(MSBuildThisFileDirectory)myScene.cpp" />
    <ClCompile Include="$(MSBuildThisFileDirectory)mySceneManager.cpp" />
    <ClCompile Include="$(MSBuildThisFileDirectory)myScript.cpp" />
    <ClCompile Include="$(MSBuildThisFileDirectory)myTexture.cpp" />
    <ClCompile Include="$(MSBuildThisFileDirectory)myTime.cpp" />
    <ClCompile Include="$(MSBuildThisFileDirectory)SpriteRenderer.cpp" />
    <ClCompile Include="$(MSBuildThisFileDirectory)Transform.cpp" />
    <ClCompile Include="$(MSBuildThisFileDirectory)myShader.cpp" />
    <ClCompile Include="$(MSBuildThisFileDirectory)myGraphicDevice_DX11.cpp" />
    <ClCompile Include="$(MSBuildThisFileDirectory)myVertex.cpp" />
    <ClCompile Include="$(MSBuildThisFileDirectory)myMaterial.cpp" />
    <ClCompile Include="$(MSBuildThisFileDirectory)myMesh.cpp" />
    <ClCompile Include="$(MSBuildThisFileDirectory)myMeshRenderer.cpp" />
    <ClCompile Include="$(MSBuildThisFileDirectory)myRotator.cpp" />
  </ItemGroup>
  <ItemGroup>
    <ClInclude Include="$(MSBuildThisFileDirectory)Common.h" />
    <ClInclude Include="$(MSBuildThisFileDirectory)Component.h" />
    <ClInclude Include="$(MSBuildThisFileDirectory)Input.h" />
    <ClInclude Include="$(MSBuildThisFileDirectory)Layer.h" />
    <ClInclude Include="$(MSBuildThisFileDirectory)myAnimation.h" />
    <ClInclude Include="$(MSBuildThisFileDirectory)myAnimator.h" />
    <ClInclude Include="$(MSBuildThisFileDirectory)myApplication.h" />
    <ClInclude Include="$(MSBuildThisFileDirectory)myAssert.h" />
    <ClInclude Include="$(MSBuildThisFileDirectory)myBoxCollider2D.h" />
    <ClInclude Include="$(MSBuildThisFileDirectory)myCamera.h" />
    <ClInclude Include="$(MSBuildThisFileDirectory)myCircleCollider2D.h" />
    <ClInclude Include="$(MSBuildThisFileDirectory)myCollider2D.h" />
    <ClInclude Include="$(MSBuildThisFileDirectory)myDelegate.h" />
    <ClInclude Include="$(MSBuildThisFileDirectory)myEntity.h" />
    <ClInclude Include="$(MSBuildThisFileDirectory)myEnum.h" />
    <ClInclude Include="$(MSBuildThisFileDirectory)myGameObject.h" />
    <ClInclude Include="$(MSBuildThisFileDirectory)myMath.h" />
    <ClInclude Include="$(MSBuildThisFileDirectory)myObject.h" />
    <ClInclude Include="$(MSBuildThisFileDirectory)myRenderer.h" />
    <ClInclude Include="$(MSBuildThisFileDirectory)myResource.h" />
    <ClInclude Include="$(MSBuildThisFileDirectory)myResources.h" />
    <ClInclude Include="$(MSBuildThisFileDirectory)myScene.h" />
    <ClInclude Include="$(MSBuildThisFileDirectory)mySceneManager.h" />
    <ClInclude Include="$(MSBuildThisFileDirectory)myScript.h" />
    <ClInclude Include="$(MSBuildThisFileDirectory)myTexture.h" />
    <ClInclude Include="$(MSBuildThisFileDirectory)myTime.h" />
    <ClInclude Include="$(MSBuildThisFileDirectory)SpriteRenderer.h" />
    <ClInclude Include="$(MSBuildThisFileDirectory)Transform.h" />
    <ClInclude Include="$(MSBuildThisFileDirectory)myShader.h" />
    <ClInclude Include="$(MSBuildThisFileDirectory)myGraphicDevice_DX11.h" />
    <ClInclude Include="$(MSBuildThisFileDirectory)myVertex.h" />
    <ClInclude Include="$(MSBuildThisFileDirectory)myMaterial.h" />
    <ClInclude Include="$(MSBuildThisFileDirectory)myMesh.h" />
    <ClInclude Include="$(MSBuildThisFileDirectory)compare.hpp">
      <Filter>Containers</Filter>
    </ClInclude>
    <ClInclude Include="$(MSBuildThisFileDirectory)iterator_trait.hpp">
      <Filter>Containers</Filter>
    </ClInclude>
    <ClInclude Include="$(MSBuildThisFileDirectory)map.hpp">
      <Filter>Containers</Filter>
    </ClInclude>
    <ClInclude Include="$(MSBuildThisFileDirectory)pair.hpp">
      <Filter>Containers</Filter>
    </ClInclude>
    <ClInclude Include="$(MSBuildThisFileDirectory)reverse_iterator.hpp">
      <Filter>Containers</Filter>
    </ClInclude>
    <ClInclude Include="$(MSBuildThisFileDirectory)set.hpp">
      <Filter>Containers</Filter>
    </ClInclude>
    <ClInclude Include="$(MSBuildThisFileDirectory)SFINAE.hpp">
      <Filter>Containers</Filter>
    </ClInclude>
    <ClInclude Include="$(MSBuildThisFileDirectory)stack.hpp">
      <Filter>Containers</Filter>
    </ClInclude>
    <ClInclude Include="$(MSBuildThisFileDirectory)tree.hpp">
      <Filter>Containers</Filter>
    </ClInclude>
    <ClInclude Include="$(MSBuildThisFileDirectory)tree_iterator.hpp">
      <Filter>Containers</Filter>
    </ClInclude>
    <ClInclude Include="$(MSBuildThisFileDirectory)vector.hpp">
      <Filter>Containers</Filter>
    </ClInclude>
    <ClInclude Include="$(MSBuildThisFileDirectory)myMeshRenderer.h" />
    <ClInclude Include="$(MSBuildThisFileDirectory)myRotator.h" />
  </ItemGroup>
  <ItemGroup>
    <Filter Include="Containers">
      <UniqueIdentifier>{e2033604-fe03-4470-bf79-dde1e789e5e8}</UniqueIdentifier>
    </Filter>
  </ItemGroup>
</Project>